
Microsoft Visual Studio Solution File, Format Version 12.00
# Visual Studio Version 17
VisualStudioVersion = 17.0.31903.59
MinimumVisualStudioVersion = 10.0.40219.1
Project("{FAE04EC0-301F-11D3-BF4B-00C04F79EFBC}") = "Quitmed-Scraper.Console", "src\Quitmed-Scraper.Console\Quitmed-Scraper.Console.csproj", "{AE4E0484-61B2-4091-88A0-B5123E0E8B7B}"
EndProject
Project("{FAE04EC0-301F-11D3-BF4B-00C04F79EFBC}") = "Quitmed-scraper.Database", "src\Quitmed-scraper.Database\Quitmed-scraper.Database.csproj", "{067411E5-0D70-4C2F-AB44-B4B035FB9FFE}"
EndProject
Project("{FAE04EC0-301F-11D3-BF4B-00C04F79EFBC}") = "Quitmed-Scraper.Library", "src\Quitmed-Scraper.Library\Quitmed-Scraper.Library.csproj", "{8A2E8E0F-BBE0-47A5-B3CB-4614CFAFFEE2}"
EndProject
Project("{FAE04EC0-301F-11D3-BF4B-00C04F79EFBC}") = "Quitmed-Scraper.WebApp", "src\Quitmed-Scraper.WebApp\Quitmed-Scraper.WebApp.csproj", "{09C09B23-0059-4016-8472-605950A8E41D}"
EndProject
Global
	GlobalSection(SolutionConfigurationPlatforms) = preSolution
		Debug|Any CPU = Debug|Any CPU
		Release|Any CPU = Release|Any CPU
	EndGlobalSection
	GlobalSection(SolutionProperties) = preSolution
		HideSolutionNode = FALSE
	EndGlobalSection
	GlobalSection(ProjectConfigurationPlatforms) = postSolution
		{AE4E0484-61B2-4091-88A0-B5123E0E8B7B}.Debug|Any CPU.ActiveCfg = Debug|Any CPU
		{AE4E0484-61B2-4091-88A0-B5123E0E8B7B}.Debug|Any CPU.Build.0 = Debug|Any CPU
		{AE4E0484-61B2-4091-88A0-B5123E0E8B7B}.Release|Any CPU.ActiveCfg = Release|Any CPU
		{AE4E0484-61B2-4091-88A0-B5123E0E8B7B}.Release|Any CPU.Build.0 = Release|Any CPU
		{067411E5-0D70-4C2F-AB44-B4B035FB9FFE}.Debug|Any CPU.ActiveCfg = Debug|Any CPU
		{067411E5-0D70-4C2F-AB44-B4B035FB9FFE}.Debug|Any CPU.Build.0 = Debug|Any CPU
		{067411E5-0D70-4C2F-AB44-B4B035FB9FFE}.Release|Any CPU.ActiveCfg = Release|Any CPU
		{067411E5-0D70-4C2F-AB44-B4B035FB9FFE}.Release|Any CPU.Build.0 = Release|Any CPU
		{8A2E8E0F-BBE0-47A5-B3CB-4614CFAFFEE2}.Debug|Any CPU.ActiveCfg = Debug|Any CPU
		{8A2E8E0F-BBE0-47A5-B3CB-4614CFAFFEE2}.Debug|Any CPU.Build.0 = Debug|Any CPU
		{8A2E8E0F-BBE0-47A5-B3CB-4614CFAFFEE2}.Release|Any CPU.ActiveCfg = Release|Any CPU
		{8A2E8E0F-BBE0-47A5-B3CB-4614CFAFFEE2}.Release|Any CPU.Build.0 = Release|Any CPU
		{09C09B23-0059-4016-8472-605950A8E41D}.Debug|Any CPU.ActiveCfg = Debug|Any CPU
		{09C09B23-0059-4016-8472-605950A8E41D}.Debug|Any CPU.Build.0 = Debug|Any CPU
		{09C09B23-0059-4016-8472-605950A8E41D}.Release|Any CPU.ActiveCfg = Release|Any CPU
		{09C09B23-0059-4016-8472-605950A8E41D}.Release|Any CPU.Build.0 = Release|Any CPU
	EndGlobalSection
	GlobalSection(NestedProjects) = preSolution
	EndGlobalSection
EndGlobal
